{
  "name": "starcount",
  "version": "1.0.2",
  "lockfileVersion": 1,
  "requires": true,
  "dependencies": {
    "clorox": {
      "version": "1.0.3",
      "resolved": "https://registry.npmjs.org/clorox/-/clorox-1.0.3.tgz",
      "integrity": "sha512-w3gKAUKMJYmmaJyc+p+iDrDtLvsFasrx/y6/zWo2U1TZfsz3y4Vl4T9PHCZrOwk1eMTOSRI6xHdpDR4PhTdy8Q=="
    },
    "node-fetch": {
      "version": "2.1.2",
      "resolved": "https://registry.npmjs.org/node-fetch/-/node-fetch-2.1.2.tgz",
      "integrity": "sha1-q4hOjn5X44qUR1POxwb3iNF2i7U="
    },
    "prompts": {
      "version": "0.1.8",
      "resolved": "https://registry.npmjs.org/prompts/-/prompts-0.1.8.tgz",
      "integrity": "sha512-IAV6uUb0fj4BgGyuWbjx0qZuJuUiIUhpzPq6yZyyEVmY9SHMkA+qIR7PVY2zl2nOJNVjqO8UfYgwUILU39vtQQ==",
      "requires": {
        "clorox": "^1.0.1",
        "sisteransi": "^0.1.0"
      }
    },
    "sisteransi": {
      "version": "0.1.0",
      "resolved": "https://registry.npmjs.org/sisteransi/-/sisteransi-0.1.0.tgz",
      "integrity": "sha512-kHXcIr0Z9FM6d7pwFDDIMQKGndIEtIF1oBSMXWtItpx4mrH1jhANVNT35GVekBekXl6J+5i7lJMIGq3Gm7pIdA=="
    }
  }
}
